// !$*UTF8*$!
{
	archiveVersion = 1;
	classes = {
	};
	objectVersion = 50;
	objects = {

/* Begin PBXBuildFile section */
		9618D3C0269784D500527B5A /* VideoModel.swift in Sources */ = {isa = PBXBuildFile; fileRef = 9618D3BF269784D400527B5A /* VideoModel.swift */; };
		9618D3C32697861800527B5A /* VideoListItemView.swift in Sources */ = {isa = PBXBuildFile; fileRef = 9618D3C22697861800527B5A /* VideoListItemView.swift */; };
		9618D3C82697904200527B5A /* VideoPlayerHelper.swift in Sources */ = {isa = PBXBuildFile; fileRef = 9618D3C72697904200527B5A /* VideoPlayerHelper.swift */; };
		9618D3CB269790C900527B5A /* VideoPlayerView.swift in Sources */ = {isa = PBXBuildFile; fileRef = 9618D3CA269790C900527B5A /* VideoPlayerView.swift */; };
		9618D3CF2697967F00527B5A /* lioness.mp4 in Resources */ = {isa = PBXBuildFile; fileRef = 9618D3CD2697967E00527B5A /* lioness.mp4 */; };
		9618D3D02697967F00527B5A /* lion.mp4 in Resources */ = {isa = PBXBuildFile; fileRef = 9618D3CE2697967E00527B5A /* lion.mp4 */; };
		962FF2432692058000403F56 /* AnimalDetailView.swift in Sources */ = {isa = PBXBuildFile; fileRef = 962FF2422692058000403F56 /* AnimalDetailView.swift */; };
		962FF24626920A2900403F56 /* HeadingView.swift in Sources */ = {isa = PBXBuildFile; fileRef = 962FF24526920A2900403F56 /* HeadingView.swift */; };
		962FF24926920BFE00403F56 /* InsetGalleryPreview.swift in Sources */ = {isa = PBXBuildFile; fileRef = 962FF24826920BFE00403F56 /* InsetGalleryPreview.swift */; };
		96576EFB268E4CF00009EEC2 /* AfricaApp.swift in Sources */ = {isa = PBXBuildFile; fileRef = 96576EFA268E4CF00009EEC2 /* AfricaApp.swift */; };
		96576EFD268E4CF00009EEC2 /* ContentView.swift in Sources */ = {isa = PBXBuildFile; fileRef = 96576EFC268E4CF00009EEC2 /* ContentView.swift */; };
		96576EFF268E4CF30009EEC2 /* Assets.xcassets in Resources */ = {isa = PBXBuildFile; fileRef = 96576EFE268E4CF30009EEC2 /* Assets.xcassets */; };
		96576F02268E4CF30009EEC2 /* Preview Assets.xcassets in Resources */ = {isa = PBXBuildFile; fileRef = 96576F01268E4CF30009EEC2 /* Preview Assets.xcassets */; };
		96576F13268E54100009EEC2 /* hippo.mp4 in Resources */ = {isa = PBXBuildFile; fileRef = 96576F0B268E540D0009EEC2 /* hippo.mp4 */; };
		96576F14268E54100009EEC2 /* cheetah.mp4 in Resources */ = {isa = PBXBuildFile; fileRef = 96576F0C268E540D0009EEC2 /* cheetah.mp4 */; };
		96576F15268E54100009EEC2 /* gorilla.mp4 in Resources */ = {isa = PBXBuildFile; fileRef = 96576F0D268E540D0009EEC2 /* gorilla.mp4 */; };
		96576F16268E54100009EEC2 /* rhino.mp4 in Resources */ = {isa = PBXBuildFile; fileRef = 96576F0E268E540E0009EEC2 /* rhino.mp4 */; };
		96576F17268E54100009EEC2 /* giraffe.mp4 in Resources */ = {isa = PBXBuildFile; fileRef = 96576F0F268E540E0009EEC2 /* giraffe.mp4 */; };
		96576F18268E54100009EEC2 /* zebra.mp4 in Resources */ = {isa = PBXBuildFile; fileRef = 96576F10268E540F0009EEC2 /* zebra.mp4 */; };
		96576F19268E54100009EEC2 /* ostrich.mp4 in Resources */ = {isa = PBXBuildFile; fileRef = 96576F11268E540F0009EEC2 /* ostrich.mp4 */; };
		96576F1A268E54100009EEC2 /* elephant.mp4 in Resources */ = {isa = PBXBuildFile; fileRef = 96576F12268E54100009EEC2 /* elephant.mp4 */; };
		96576F21268E54F70009EEC2 /* animals.json in Resources */ = {isa = PBXBuildFile; fileRef = 96576F1D268E54F60009EEC2 /* animals.json */; };
		96576F22268E54F70009EEC2 /* videos.json in Resources */ = {isa = PBXBuildFile; fileRef = 96576F1E268E54F60009EEC2 /* videos.json */; };
		96576F23268E54F70009EEC2 /* locations.json in Resources */ = {isa = PBXBuildFile; fileRef = 96576F1F268E54F70009EEC2 /* locations.json */; };
		96576F24268E54F70009EEC2 /* covers.json in Resources */ = {isa = PBXBuildFile; fileRef = 96576F20268E54F70009EEC2 /* covers.json */; };
		96576F2B268E574F0009EEC2 /* VideoListView.swift in Sources */ = {isa = PBXBuildFile; fileRef = 96576F2A268E574F0009EEC2 /* VideoListView.swift */; };
		96576F2E268E57620009EEC2 /* MapView.swift in Sources */ = {isa = PBXBuildFile; fileRef = 96576F2D268E57620009EEC2 /* MapView.swift */; };
		96576F31268E57890009EEC2 /* GalleryView.swift in Sources */ = {isa = PBXBuildFile; fileRef = 96576F30268E57890009EEC2 /* GalleryView.swift */; };
		96576F34268E579D0009EEC2 /* MainView.swift in Sources */ = {isa = PBXBuildFile; fileRef = 96576F33268E579D0009EEC2 /* MainView.swift */; };
		9690BF82268FA52000117D52 /* ConverImageView.swift in Sources */ = {isa = PBXBuildFile; fileRef = 9690BF81268FA52000117D52 /* ConverImageView.swift */; };
		9690BF87268FA92300117D52 /* CoverImageModel.swift in Sources */ = {isa = PBXBuildFile; fileRef = 9690BF86268FA92300117D52 /* CoverImageModel.swift */; };
		9690BF8B268FA9C500117D52 /* CodableBundleExtension.swift in Sources */ = {isa = PBXBuildFile; fileRef = 9690BF8A268FA9C500117D52 /* CodableBundleExtension.swift */; };
		969498522694DA210029E45D /* InsetFactView.swift in Sources */ = {isa = PBXBuildFile; fileRef = 969498512694DA210029E45D /* InsetFactView.swift */; };
		969498552694E0B10029E45D /* InsetMapView.swift in Sources */ = {isa = PBXBuildFile; fileRef = 969498542694E0B10029E45D /* InsetMapView.swift */; };
		969498582694E1A90029E45D /* ExternalWebLinkView.swift in Sources */ = {isa = PBXBuildFile; fileRef = 969498572694E1A90029E45D /* ExternalWebLinkView.swift */; };
		96B1180726905DAB00327049 /* AnimalListItemView.swift in Sources */ = {isa = PBXBuildFile; fileRef = 96B1180626905DAB00327049 /* AnimalListItemView.swift */; };
		96B1180A26905FD900327049 /* AnimalModel.swift in Sources */ = {isa = PBXBuildFile; fileRef = 96B1180926905FD900327049 /* AnimalModel.swift */; };
/* End PBXBuildFile section */

/* Begin PBXFileReference section */
		9618D3BF269784D400527B5A /* VideoModel.swift */ = {isa = PBXFileReference; lastKnownFileType = sourcecode.swift; path = VideoModel.swift; sourceTree = "<group>"; };
		9618D3C22697861800527B5A /* VideoListItemView.swift */ = {isa = PBXFileReference; lastKnownFileType = sourcecode.swift; path = VideoListItemView.swift; sourceTree = "<group>"; };
		9618D3C72697904200527B5A /* VideoPlayerHelper.swift */ = {isa = PBXFileReference; fileEncoding = 4; lastKnownFileType = sourcecode.swift; path = VideoPlayerHelper.swift; sourceTree = "<group>"; };
		9618D3CA269790C900527B5A /* VideoPlayerView.swift */ = {isa = PBXFileReference; lastKnownFileType = sourcecode.swift; path = VideoPlayerView.swift; sourceTree = "<group>"; };
		9618D3CD2697967E00527B5A /* lioness.mp4 */ = {isa = PBXFileReference; lastKnownFileType = file; path = lioness.mp4; sourceTree = "<group>"; };
		9618D3CE2697967E00527B5A /* lion.mp4 */ = {isa = PBXFileReference; lastKnownFileType = file; path = lion.mp4; sourceTree = "<group>"; };
		962FF2422692058000403F56 /* AnimalDetailView.swift */ = {isa = PBXFileReference; lastKnownFileType = sourcecode.swift; path = AnimalDetailView.swift; sourceTree = "<group>"; };
		962FF24526920A2900403F56 /* HeadingView.swift */ = {isa = PBXFileReference; lastKnownFileType = sourcecode.swift; path = HeadingView.swift; sourceTree = "<group>"; };
		962FF24826920BFE00403F56 /* InsetGalleryPreview.swift */ = {isa = PBXFileReference; lastKnownFileType = sourcecode.swift; path = InsetGalleryPreview.swift; sourceTree = "<group>"; };
		96576EF7268E4CF00009EEC2 /* Africa.app */ = {isa = PBXFileReference; explicitFileType = wrapper.application; includeInIndex = 0; path = Africa.app; sourceTree = BUILT_PRODUCTS_DIR; };
		96576EFA268E4CF00009EEC2 /* AfricaApp.swift */ = {isa = PBXFileReference; lastKnownFileType = sourcecode.swift; path = AfricaApp.swift; sourceTree = "<group>"; };
		96576EFC268E4CF00009EEC2 /* ContentView.swift */ = {isa = PBXFileReference; lastKnownFileType = sourcecode.swift; path = ContentView.swift; sourceTree = "<group>"; };
		96576EFE268E4CF30009EEC2 /* Assets.xcassets */ = {isa = PBXFileReference; lastKnownFileType = folder.assetcatalog; path = Assets.xcassets; sourceTree = "<group>"; };
		96576F01268E4CF30009EEC2 /* Preview Assets.xcassets */ = {isa = PBXFileReference; lastKnownFileType = folder.assetcatalog; path = "Preview Assets.xcassets"; sourceTree = "<group>"; };
		96576F03268E4CF30009EEC2 /* Info.plist */ = {isa = PBXFileReference; lastKnownFileType = text.plist.xml; path = Info.plist; sourceTree = "<group>"; };
		96576F0B268E540D0009EEC2 /* hippo.mp4 */ = {isa = PBXFileReference; lastKnownFileType = file; path = hippo.mp4; sourceTree = "<group>"; };
		96576F0C268E540D0009EEC2 /* cheetah.mp4 */ = {isa = PBXFileReference; lastKnownFileType = file; path = cheetah.mp4; sourceTree = "<group>"; };
		96576F0D268E540D0009EEC2 /* gorilla.mp4 */ = {isa = PBXFileReference; lastKnownFileType = file; path = gorilla.mp4; sourceTree = "<group>"; };
		96576F0E268E540E0009EEC2 /* rhino.mp4 */ = {isa = PBXFileReference; lastKnownFileType = file; path = rhino.mp4; sourceTree = "<group>"; };
		96576F0F268E540E0009EEC2 /* giraffe.mp4 */ = {isa = PBXFileReference; lastKnownFileType = file; path = giraffe.mp4; sourceTree = "<group>"; };
		96576F10268E540F0009EEC2 /* zebra.mp4 */ = {isa = PBXFileReference; lastKnownFileType = file; path = zebra.mp4; sourceTree = "<group>"; };
		96576F11268E540F0009EEC2 /* ostrich.mp4 */ = {isa = PBXFileReference; lastKnownFileType = file; path = ostrich.mp4; sourceTree = "<group>"; };
		96576F12268E54100009EEC2 /* elephant.mp4 */ = {isa = PBXFileReference; lastKnownFileType = file; path = elephant.mp4; sourceTree = "<group>"; };
		96576F1D268E54F60009EEC2 /* animals.json */ = {isa = PBXFileReference; fileEncoding = 4; lastKnownFileType = text.json; path = animals.json; sourceTree = "<group>"; };
		96576F1E268E54F60009EEC2 /* videos.json */ = {isa = PBXFileReference; fileEncoding = 4; lastKnownFileType = text.json; path = videos.json; sourceTree = "<group>"; };
		96576F1F268E54F70009EEC2 /* locations.json */ = {isa = PBXFileReference; fileEncoding = 4; lastKnownFileType = text.json; path = locations.json; sourceTree = "<group>"; };
		96576F20268E54F70009EEC2 /* covers.json */ = {isa = PBXFileReference; fileEncoding = 4; lastKnownFileType = text.json; path = covers.json; sourceTree = "<group>"; };
		96576F2A268E574F0009EEC2 /* VideoListView.swift */ = {isa = PBXFileReference; lastKnownFileType = sourcecode.swift; path = VideoListView.swift; sourceTree = "<group>"; };
		96576F2D268E57620009EEC2 /* MapView.swift */ = {isa = PBXFileReference; lastKnownFileType = sourcecode.swift; path = MapView.swift; sourceTree = "<group>"; };
		96576F30268E57890009EEC2 /* GalleryView.swift */ = {isa = PBXFileReference; lastKnownFileType = sourcecode.swift; path = GalleryView.swift; sourceTree = "<group>"; };
		96576F33268E579D0009EEC2 /* MainView.swift */ = {isa = PBXFileReference; lastKnownFileType = sourcecode.swift; path = MainView.swift; sourceTree = "<group>"; };
		9690BF81268FA52000117D52 /* ConverImageView.swift */ = {isa = PBXFileReference; lastKnownFileType = sourcecode.swift; path = ConverImageView.swift; sourceTree = "<group>"; };
		9690BF86268FA92300117D52 /* CoverImageModel.swift */ = {isa = PBXFileReference; lastKnownFileType = sourcecode.swift; path = CoverImageModel.swift; sourceTree = "<group>"; };
		9690BF8A268FA9C500117D52 /* CodableBundleExtension.swift */ = {isa = PBXFileReference; lastKnownFileType = sourcecode.swift; path = CodableBundleExtension.swift; sourceTree = "<group>"; };
		969498512694DA210029E45D /* InsetFactView.swift */ = {isa = PBXFileReference; lastKnownFileType = sourcecode.swift; path = InsetFactView.swift; sourceTree = "<group>"; };
		969498542694E0B10029E45D /* InsetMapView.swift */ = {isa = PBXFileReference; fileEncoding = 4; lastKnownFileType = sourcecode.swift; path = InsetMapView.swift; sourceTree = "<group>"; };
		969498572694E1A90029E45D /* ExternalWebLinkView.swift */ = {isa = PBXFileReference; lastKnownFileType = sourcecode.swift; path = ExternalWebLinkView.swift; sourceTree = "<group>"; };
		96B1180626905DAB00327049 /* AnimalListItemView.swift */ = {isa = PBXFileReference; lastKnownFileType = sourcecode.swift; path = AnimalListItemView.swift; sourceTree = "<group>"; };
		96B1180926905FD900327049 /* AnimalModel.swift */ = {isa = PBXFileReference; lastKnownFileType = sourcecode.swift; path = AnimalModel.swift; sourceTree = "<group>"; };
/* End PBXFileReference section */

/* Begin PBXFrameworksBuildPhase section */
		96576EF4268E4CF00009EEC2 /* Frameworks */ = {
			isa = PBXFrameworksBuildPhase;
			buildActionMask = 2147483647;
			files = (
			);
			runOnlyForDeploymentPostprocessing = 0;
		};
/* End PBXFrameworksBuildPhase section */

/* Begin PBXGroup section */
		9618D3C62697902700527B5A /* Helper */ = {
			isa = PBXGroup;
			children = (
				9618D3C72697904200527B5A /* VideoPlayerHelper.swift */,
			);
			path = Helper;
			sourceTree = "<group>";
		};
		96576EEE268E4CF00009EEC2 = {
			isa = PBXGroup;
			children = (
				96576EF9268E4CF00009EEC2 /* Africa */,
				96576EF8268E4CF00009EEC2 /* Products */,
			);
			sourceTree = "<group>";
		};
		96576EF8268E4CF00009EEC2 /* Products */ = {
			isa = PBXGroup;
			children = (
				96576EF7268E4CF00009EEC2 /* Africa.app */,
			);
			name = Products;
			sourceTree = "<group>";
		};
		96576EF9268E4CF00009EEC2 /* Africa */ = {
			isa = PBXGroup;
			children = (
				9618D3C62697902700527B5A /* Helper */,
				9690BF89268FA9AB00117D52 /* Extension */,
				9690BF85268FA91000117D52 /* Model */,
				9690BF80268FA50B00117D52 /* View */,
				96576F1C268E544E0009EEC2 /* Data */,
				96576F0A268E53FB0009EEC2 /* Video */,
				96576F28268E56FD0009EEC2 /* App */,
				96576EFE268E4CF30009EEC2 /* Assets.xcassets */,
				96576F03268E4CF30009EEC2 /* Info.plist */,
				96576F00268E4CF30009EEC2 /* Preview Content */,
			);
			path = Africa;
			sourceTree = "<group>";
		};
		96576F00268E4CF30009EEC2 /* Preview Content */ = {
			isa = PBXGroup;
			children = (
				96576F01268E4CF30009EEC2 /* Preview Assets.xcassets */,
			);
			path = "Preview Content";
			sourceTree = "<group>";
		};
		96576F0A268E53FB0009EEC2 /* Video */ = {
			isa = PBXGroup;
			children = (
				9618D3CE2697967E00527B5A /* lion.mp4 */,
				9618D3CD2697967E00527B5A /* lioness.mp4 */,
				96576F0C268E540D0009EEC2 /* cheetah.mp4 */,
				96576F12268E54100009EEC2 /* elephant.mp4 */,
				96576F0F268E540E0009EEC2 /* giraffe.mp4 */,
				96576F0D268E540D0009EEC2 /* gorilla.mp4 */,
				96576F0B268E540D0009EEC2 /* hippo.mp4 */,
				96576F11268E540F0009EEC2 /* ostrich.mp4 */,
				96576F0E268E540E0009EEC2 /* rhino.mp4 */,
				96576F10268E540F0009EEC2 /* zebra.mp4 */,
			);
			path = Video;
			sourceTree = "<group>";
		};
		96576F1C268E544E0009EEC2 /* Data */ = {
			isa = PBXGroup;
			children = (
				96576F1D268E54F60009EEC2 /* animals.json */,
				96576F20268E54F70009EEC2 /* covers.json */,
				96576F1F268E54F70009EEC2 /* locations.json */,
				96576F1E268E54F60009EEC2 /* videos.json */,
			);
			path = Data;
			sourceTree = "<group>";
		};
		96576F28268E56FD0009EEC2 /* App */ = {
			isa = PBXGroup;
			children = (
				96576EFA268E4CF00009EEC2 /* AfricaApp.swift */,
				96576EFC268E4CF00009EEC2 /* ContentView.swift */,
				96576F2A268E574F0009EEC2 /* VideoListView.swift */,
				96576F2D268E57620009EEC2 /* MapView.swift */,
				96576F30268E57890009EEC2 /* GalleryView.swift */,
				96576F33268E579D0009EEC2 /* MainView.swift */,
			);
			path = App;
			sourceTree = "<group>";
		};
		9690BF80268FA50B00117D52 /* View */ = {
			isa = PBXGroup;
			children = (
				969498542694E0B10029E45D /* InsetMapView.swift */,
				9690BF81268FA52000117D52 /* ConverImageView.swift */,
				96B1180626905DAB00327049 /* AnimalListItemView.swift */,
				962FF2422692058000403F56 /* AnimalDetailView.swift */,
				962FF24526920A2900403F56 /* HeadingView.swift */,
				962FF24826920BFE00403F56 /* InsetGalleryPreview.swift */,
				969498512694DA210029E45D /* InsetFactView.swift */,
				969498572694E1A90029E45D /* ExternalWebLinkView.swift */,
				9618D3C22697861800527B5A /* VideoListItemView.swift */,
				9618D3CA269790C900527B5A /* VideoPlayerView.swift */,
			);
			path = View;
			sourceTree = "<group>";
		};
		9690BF85268FA91000117D52 /* Model */ = {
			isa = PBXGroup;
			children = (
				9690BF86268FA92300117D52 /* CoverImageModel.swift */,
				96B1180926905FD900327049 /* AnimalModel.swift */,
				9618D3BF269784D400527B5A /* VideoModel.swift */,
			);
			path = Model;
			sourceTree = "<group>";
		};
		9690BF89268FA9AB00117D52 /* Extension */ = {
			isa = PBXGroup;
			children = (
				9690BF8A268FA9C500117D52 /* CodableBundleExtension.swift */,
			);
			path = Extension;
			sourceTree = "<group>";
		};
/* End PBXGroup section */

/* Begin PBXNativeTarget section */
		96576EF6268E4CF00009EEC2 /* Africa */ = {
			isa = PBXNativeTarget;
			buildConfigurationList = 96576F06268E4CF30009EEC2 /* Build configuration list for PBXNativeTarget "Africa" */;
			buildPhases = (
				96576EF3268E4CF00009EEC2 /* Sources */,
				96576EF4268E4CF00009EEC2 /* Frameworks */,
				96576EF5268E4CF00009EEC2 /* Resources */,
			);
			buildRules = (
			);
			dependencies = (
			);
			name = Africa;
			productName = Africa;
			productReference = 96576EF7268E4CF00009EEC2 /* Africa.app */;
			productType = "com.apple.product-type.application";
		};
/* End PBXNativeTarget section */

/* Begin PBXProject section */
		96576EEF268E4CF00009EEC2 /* Project object */ = {
			isa = PBXProject;
			attributes = {
				LastSwiftUpdateCheck = 1240;
				LastUpgradeCheck = 1240;
				TargetAttributes = {
					96576EF6268E4CF00009EEC2 = {
						CreatedOnToolsVersion = 12.4;
					};
				};
			};
			buildConfigurationList = 96576EF2268E4CF00009EEC2 /* Build configuration list for PBXProject "Africa" */;
			compatibilityVersion = "Xcode 9.3";
			developmentRegion = en;
			hasScannedForEncodings = 0;
			knownRegions = (
				en,
				Base,
			);
			mainGroup = 96576EEE268E4CF00009EEC2;
			productRefGroup = 96576EF8268E4CF00009EEC2 /* Products */;
			projectDirPath = "";
			projectRoot = "";
			targets = (
				96576EF6268E4CF00009EEC2 /* Africa */,
			);
		};
/* End PBXProject section */

/* Begin PBXResourcesBuildPhase section */
		96576EF5268E4CF00009EEC2 /* Resources */ = {
			isa = PBXResourcesBuildPhase;
			buildActionMask = 2147483647;
			files = (
				96576F23268E54F70009EEC2 /* locations.json in Resources */,
				96576F16268E54100009EEC2 /* rhino.mp4 in Resources */,
				9618D3CF2697967F00527B5A /* lioness.mp4 in Resources */,
				96576F14268E54100009EEC2 /* cheetah.mp4 in Resources */,
				96576F02268E4CF30009EEC2 /* Preview Assets.xcassets in Resources */,
				96576F19268E54100009EEC2 /* ostrich.mp4 in Resources */,
				96576F15268E54100009EEC2 /* gorilla.mp4 in Resources */,
				96576F22268E54F70009EEC2 /* videos.json in Resources */,
				96576F24268E54F70009EEC2 /* covers.json in Resources */,
				9618D3D02697967F00527B5A /* lion.mp4 in Resources */,
				96576F18268E54100009EEC2 /* zebra.mp4 in Resources */,
				96576F21268E54F70009EEC2 /* animals.json in Resources */,
				96576F13268E54100009EEC2 /* hippo.mp4 in Resources */,
				96576F17268E54100009EEC2 /* giraffe.mp4 in Resources */,
				96576F1A268E54100009EEC2 /* elephant.mp4 in Resources */,
				96576EFF268E4CF30009EEC2 /* Assets.xcassets in Resources */,
			);
			runOnlyForDeploymentPostprocessing = 0;
		};
/* End PBXResourcesBuildPhase section */

/* Begin PBXSourcesBuildPhase section */
		96576EF3268E4CF00009EEC2 /* Sources */ = {
			isa = PBXSourcesBuildPhase;
			buildActionMask = 2147483647;
			files = (
				96576EFD268E4CF00009EEC2 /* ContentView.swift in Sources */,
				962FF24926920BFE00403F56 /* InsetGalleryPreview.swift in Sources */,
				96B1180726905DAB00327049 /* AnimalListItemView.swift in Sources */,
				969498522694DA210029E45D /* InsetFactView.swift in Sources */,
				96576F34268E579D0009EEC2 /* MainView.swift in Sources */,
				96576F2E268E57620009EEC2 /* MapView.swift in Sources */,
				9690BF87268FA92300117D52 /* CoverImageModel.swift in Sources */,
				962FF2432692058000403F56 /* AnimalDetailView.swift in Sources */,
				96B1180A26905FD900327049 /* AnimalModel.swift in Sources */,
				969498552694E0B10029E45D /* InsetMapView.swift in Sources */,
				9618D3C82697904200527B5A /* VideoPlayerHelper.swift in Sources */,
				96576EFB268E4CF00009EEC2 /* AfricaApp.swift in Sources */,
				969498582694E1A90029E45D /* ExternalWebLinkView.swift in Sources */,
				96576F2B268E574F0009EEC2 /* VideoListView.swift in Sources */,
				9618D3C0269784D500527B5A /* VideoModel.swift in Sources */,
				96576F31268E57890009EEC2 /* GalleryView.swift in Sources */,
				9690BF82268FA52000117D52 /* ConverImageView.swift in Sources */,
				9618D3C32697861800527B5A /* VideoListItemView.swift in Sources */,
				9690BF8B268FA9C500117D52 /* CodableBundleExtension.swift in Sources */,
				962FF24626920A2900403F56 /* HeadingView.swift in Sources */,
				9618D3CB269790C900527B5A /* VideoPlayerView.swift in Sources */,
			);
			runOnlyForDeploymentPostprocessing = 0;
		};
/* End PBXSourcesBuildPhase section */

/* Begin XCBuildConfiguration section */
		96576F04268E4CF30009EEC2 /* Debug */ = {
			isa = XCBuildConfiguration;
			buildSettings = {
				ALWAYS_SEARCH_USER_PATHS = NO;
				CLANG_ANALYZER_NONNULL = YES;
				CLANG_ANALYZER_NUMBER_OBJECT_CONVERSION = YES_AGGRESSIVE;
				CLANG_CXX_LANGUAGE_STANDARD = "gnu++14";
				CLANG_CXX_LIBRARY = "libc++";
				CLANG_ENABLE_MODULES = YES;
				CLANG_ENABLE_OBJC_ARC = YES;
				CLANG_ENABLE_OBJC_WEAK = YES;
				CLANG_WARN_BLOCK_CAPTURE_AUTORELEASING = YES;
				CLANG_WARN_BOOL_CONVERSION = YES;
				CLANG_WARN_COMMA = YES;
				CLANG_WARN_CONSTANT_CONVERSION = YES;
				CLANG_WARN_DEPRECATED_OBJC_IMPLEMENTATIONS = YES;
				CLANG_WARN_DIRECT_OBJC_ISA_USAGE = YES_ERROR;
				CLANG_WARN_DOCUMENTATION_COMMENTS = YES;
				CLANG_WARN_EMPTY_BODY = YES;
				CLANG_WARN_ENUM_CONVERSION = YES;
				CLANG_WARN_INFINITE_RECURSION = YES;
				CLANG_WARN_INT_CONVERSION = YES;
				CLANG_WARN_NON_LITERAL_NULL_CONVERSION = YES;
				CLANG_WARN_OBJC_IMPLICIT_RETAIN_SELF = YES;
				CLANG_WARN_OBJC_LITERAL_CONVERSION = YES;
				CLANG_WARN_OBJC_ROOT_CLASS = YES_ERROR;
				CLANG_WARN_QUOTED_INCLUDE_IN_FRAMEWORK_HEADER = YES;
				CLANG_WARN_RANGE_LOOP_ANALYSIS = YES;
				CLANG_WARN_STRICT_PROTOTYPES = YES;
				CLANG_WARN_SUSPICIOUS_MOVE = YES;
				CLANG_WARN_UNGUARDED_AVAILABILITY = YES_AGGRESSIVE;
				CLANG_WARN_UNREACHABLE_CODE = YES;
				CLANG_WARN__DUPLICATE_METHOD_MATCH = YES;
				COPY_PHASE_STRIP = NO;
				DEBUG_INFORMATION_FORMAT = dwarf;
				ENABLE_STRICT_OBJC_MSGSEND = YES;
				ENABLE_TESTABILITY = YES;
				GCC_C_LANGUAGE_STANDARD = gnu11;
				GCC_DYNAMIC_NO_PIC = NO;
				GCC_NO_COMMON_BLOCKS = YES;
				GCC_OPTIMIZATION_LEVEL = 0;
				GCC_PREPROCESSOR_DEFINITIONS = (
					"DEBUG=1",
					"$(inherited)",
				);
				GCC_WARN_64_TO_32_BIT_CONVERSION = YES;
				GCC_WARN_ABOUT_RETURN_TYPE = YES_ERROR;
				GCC_WARN_UNDECLARED_SELECTOR = YES;
				GCC_WARN_UNINITIALIZED_AUTOS = YES_AGGRESSIVE;
				GCC_WARN_UNUSED_FUNCTION = YES;
				GCC_WARN_UNUSED_VARIABLE = YES;
				IPHONEOS_DEPLOYMENT_TARGET = 14.4;
				MTL_ENABLE_DEBUG_INFO = INCLUDE_SOURCE;
				MTL_FAST_MATH = YES;
				ONLY_ACTIVE_ARCH = YES;
				SDKROOT = iphoneos;
				SWIFT_ACTIVE_COMPILATION_CONDITIONS = DEBUG;
				SWIFT_OPTIMIZATION_LEVEL = "-Onone";
			};
			name = Debug;
		};
		96576F05268E4CF30009EEC2 /* Release */ = {
			isa = XCBuildConfiguration;
			buildSettings = {
				ALWAYS_SEARCH_USER_PATHS = NO;
				CLANG_ANALYZER_NONNULL = YES;
				CLANG_ANALYZER_NUMBER_OBJECT_CONVERSION = YES_AGGRESSIVE;
				CLANG_CXX_LANGUAGE_STANDARD = "gnu++14";
				CLANG_CXX_LIBRARY = "libc++";
				CLANG_ENABLE_MODULES = YES;
				CLANG_ENABLE_OBJC_ARC = YES;
				CLANG_ENABLE_OBJC_WEAK = YES;
				CLANG_WARN_BLOCK_CAPTURE_AUTORELEASING = YES;
				CLANG_WARN_BOOL_CONVERSION = YES;
				CLANG_WARN_COMMA = YES;
				CLANG_WARN_CONSTANT_CONVERSION = YES;
				CLANG_WARN_DEPRECATED_OBJC_IMPLEMENTATIONS = YES;
				CLANG_WARN_DIRECT_OBJC_ISA_USAGE = YES_ERROR;
				CLANG_WARN_DOCUMENTATION_COMMENTS = YES;
				CLANG_WARN_EMPTY_BODY = YES;
				CLANG_WARN_ENUM_CONVERSION = YES;
				CLANG_WARN_INFINITE_RECURSION = YES;
				CLANG_WARN_INT_CONVERSION = YES;
				CLANG_WARN_NON_LITERAL_NULL_CONVERSION = YES;
				CLANG_WARN_OBJC_IMPLICIT_RETAIN_SELF = YES;
				CLANG_WARN_OBJC_LITERAL_CONVERSION = YES;
				CLANG_WARN_OBJC_ROOT_CLASS = YES_ERROR;
				CLANG_WARN_QUOTED_INCLUDE_IN_FRAMEWORK_HEADER = YES;
				CLANG_WARN_RANGE_LOOP_ANALYSIS = YES;
				CLANG_WARN_STRICT_PROTOTYPES = YES;
				CLANG_WARN_SUSPICIOUS_MOVE = YES;
				CLANG_WARN_UNGUARDED_AVAILABILITY = YES_AGGRESSIVE;
				CLANG_WARN_UNREACHABLE_CODE = YES;
				CLANG_WARN__DUPLICATE_METHOD_MATCH = YES;
				COPY_PHASE_STRIP = NO;
				DEBUG_INFORMATION_FORMAT = "dwarf-with-dsym";
				ENABLE_NS_ASSERTIONS = NO;
				ENABLE_STRICT_OBJC_MSGSEND = YES;
				GCC_C_LANGUAGE_STANDARD = gnu11;
				GCC_NO_COMMON_BLOCKS = YES;
				GCC_WARN_64_TO_32_BIT_CONVERSION = YES;
				GCC_WARN_ABOUT_RETURN_TYPE = YES_ERROR;
				GCC_WARN_UNDECLARED_SELECTOR = YES;
				GCC_WARN_UNINITIALIZED_AUTOS = YES_AGGRESSIVE;
				GCC_WARN_UNUSED_FUNCTION = YES;
				GCC_WARN_UNUSED_VARIABLE = YES;
				IPHONEOS_DEPLOYMENT_TARGET = 14.4;
				MTL_ENABLE_DEBUG_INFO = NO;
				MTL_FAST_MATH = YES;
				SDKROOT = iphoneos;
				SWIFT_COMPILATION_MODE = wholemodule;
				SWIFT_OPTIMIZATION_LEVEL = "-O";
				VALIDATE_PRODUCT = YES;
			};
			name = Release;
		};
		96576F07268E4CF30009EEC2 /* Debug */ = {
			isa = XCBuildConfiguration;
			buildSettings = {
				ASSETCATALOG_COMPILER_APPICON_NAME = AppIcon;
				ASSETCATALOG_COMPILER_GLOBAL_ACCENT_COLOR_NAME = AccentColor;
				CODE_SIGN_STYLE = Automatic;
				DEVELOPMENT_ASSET_PATHS = "\"Africa/Preview Content\"";
				DEVELOPMENT_TEAM = 2KY5NAHN99;
				ENABLE_PREVIEWS = YES;
				INFOPLIST_FILE = Africa/Info.plist;
				IPHONEOS_DEPLOYMENT_TARGET = 14.0;
				LD_RUNPATH_SEARCH_PATHS = (
					"$(inherited)",
					"@executable_path/Frameworks",
				);
				PRODUCT_BUNDLE_IDENTIFIER = com.inverseai.Africa;
				PRODUCT_NAME = "$(TARGET_NAME)";
				SWIFT_VERSION = 5.0;
				TARGETED_DEVICE_FAMILY = "1,2";
			};
			name = Debug;
		};
		96576F08268E4CF30009EEC2 /* Release */ = {
			isa = XCBuildConfiguration;
			buildSettings = {
				ASSETCATALOG_COMPILER_APPICON_NAME = AppIcon;
				ASSETCATALOG_COMPILER_GLOBAL_ACCENT_COLOR_NAME = AccentColor;
				CODE_SIGN_STYLE = Automatic;
				DEVELOPMENT_ASSET_PATHS = "\"Africa/Preview Content\"";
				DEVELOPMENT_TEAM = 2KY5NAHN99;
				ENABLE_PREVIEWS = YES;
				INFOPLIST_FILE = Africa/Info.plist;
				IPHONEOS_DEPLOYMENT_TARGET = 14.0;
				LD_RUNPATH_SEARCH_PATHS = (
					"$(inherited)",
					"@executable_path/Frameworks",
				);
				PRODUCT_BUNDLE_IDENTIFIER = com.inverseai.Africa;
				PRODUCT_NAME = "$(TARGET_NAME)";
				SWIFT_VERSION = 5.0;
				TARGETED_DEVICE_FAMILY = "1,2";
			};
			name = Release;
		};
/* End XCBuildConfiguration section */

/* Begin XCConfigurationList section */
		96576EF2268E4CF00009EEC2 /* Build configuration list for PBXProject "Africa" */ = {
			isa = XCConfigurationList;
			buildConfigurations = (
				96576F04268E4CF30009EEC2 /* Debug */,
				96576F05268E4CF30009EEC2 /* Release */,
			);
			defaultConfigurationIsVisible = 0;
			defaultConfigurationName = Release;
		};
		96576F06268E4CF30009EEC2 /* Build configuration list for PBXNativeTarget "Africa" */ = {
			isa = XCConfigurationList;
			buildConfigurations = (
				96576F07268E4CF30009EEC2 /* Debug */,
				96576F08268E4CF30009EEC2 /* Release */,
			);
			defaultConfigurationIsVisible = 0;
			defaultConfigurationName = Release;
		};
/* End XCConfigurationList section */
	};
	rootObject = 96576EEF268E4CF00009EEC2 /* Project object */;
}
